// !$*UTF8*$!
{
	archiveVersion = 1;
	classes = {
	};
	objectVersion = 56;
	objects = {

/* Begin PBXBuildFile section */
		341B3EF62D9360A9008944C5 /* LoadingView.swift in Sources */ = {isa = PBXBuildFile; fileRef = 341B3EF52D9360A3008944C5 /* LoadingView.swift */; };
		341B3EF82D9391AA008944C5 /* NetworkManagerTests.swift in Sources */ = {isa = PBXBuildFile; fileRef = 341B3EF72D9391A4008944C5 /* NetworkManagerTests.swift */; };
		341B3EFA2D9392E2008944C5 /* NetworkManagerMock.swift in Sources */ = {isa = PBXBuildFile; fileRef = 341B3EF92D9392DA008944C5 /* NetworkManagerMock.swift */; };
		346694582D8F6F3800FEB754 /* FetchRecipesApp.swift in Sources */ = {isa = PBXBuildFile; fileRef = 346694572D8F6F3800FEB754 /* FetchRecipesApp.swift */; };
		3466945A2D8F6F3800FEB754 /* RecipesView.swift in Sources */ = {isa = PBXBuildFile; fileRef = 346694592D8F6F3800FEB754 /* RecipesView.swift */; };
		3466945C2D8F6F3900FEB754 /* Assets.xcassets in Resources */ = {isa = PBXBuildFile; fileRef = 3466945B2D8F6F3900FEB754 /* Assets.xcassets */; };
		3466945F2D8F6F3900FEB754 /* Preview Assets.xcassets in Resources */ = {isa = PBXBuildFile; fileRef = 3466945E2D8F6F3900FEB754 /* Preview Assets.xcassets */; };
		346694692D8F6F3A00FEB754 /* RecipesViewModelTests.swift in Sources */ = {isa = PBXBuildFile; fileRef = 346694682D8F6F3A00FEB754 /* RecipesViewModelTests.swift */; };
		346694882D8F70F500FEB754 /* NetworkManager.swift in Sources */ = {isa = PBXBuildFile; fileRef = 346694872D8F70F500FEB754 /* NetworkManager.swift */; };
		3466948A2D8F715600FEB754 /* Recipe.swift in Sources */ = {isa = PBXBuildFile; fileRef = 346694892D8F715600FEB754 /* Recipe.swift */; };
		3466948D2D90EF2500FEB754 /* RecipesViewModel.swift in Sources */ = {isa = PBXBuildFile; fileRef = 3466948C2D90EF2500FEB754 /* RecipesViewModel.swift */; };
		346694912D90F07400FEB754 /* RecipeCell.swift in Sources */ = {isa = PBXBuildFile; fileRef = 346694902D90F07400FEB754 /* RecipeCell.swift */; };
		346694952D92280700FEB754 /* RemoteImageView.swift in Sources */ = {isa = PBXBuildFile; fileRef = 346694942D92280600FEB754 /* RemoteImageView.swift */; };
		346694972D9229FF00FEB754 /* ImageLoader.swift in Sources */ = {isa = PBXBuildFile; fileRef = 346694962D9229FF00FEB754 /* ImageLoader.swift */; };
		3469EB942D9316130080CA67 /* Color+Extensions.swift in Sources */ = {isa = PBXBuildFile; fileRef = 3469EB932D93160C0080CA67 /* Color+Extensions.swift */; };
/* End PBXBuildFile section */

/* Begin PBXContainerItemProxy section */
		346694652D8F6F3A00FEB754 /* PBXContainerItemProxy */ = {
			isa = PBXContainerItemProxy;
			containerPortal = 3466944C2D8F6F3800FEB754 /* Project object */;
			proxyType = 1;
			remoteGlobalIDString = 346694532D8F6F3800FEB754;
			remoteInfo = FetchRecipesProject;
		};
		3466946F2D8F6F3A00FEB754 /* PBXContainerItemProxy */ = {
			isa = PBXContainerItemProxy;
			containerPortal = 3466944C2D8F6F3800FEB754 /* Project object */;
			proxyType = 1;
			remoteGlobalIDString = 346694532D8F6F3800FEB754;
			remoteInfo = FetchRecipesProject;
		};
/* End PBXContainerItemProxy section */

/* Begin PBXFileReference section */
		341B3EF52D9360A3008944C5 /* LoadingView.swift */ = {isa = PBXFileReference; lastKnownFileType = sourcecode.swift; path = LoadingView.swift; sourceTree = "<group>"; };
		341B3EF72D9391A4008944C5 /* NetworkManagerTests.swift */ = {isa = PBXFileReference; lastKnownFileType = sourcecode.swift; path = NetworkManagerTests.swift; sourceTree = "<group>"; };
		341B3EF92D9392DA008944C5 /* NetworkManagerMock.swift */ = {isa = PBXFileReference; lastKnownFileType = sourcecode.swift; path = NetworkManagerMock.swift; sourceTree = "<group>"; };
		346694542D8F6F3800FEB754 /* FetchRecipesProject.app */ = {isa = PBXFileReference; explicitFileType = wrapper.application; includeInIndex = 0; path = FetchRecipesProject.app; sourceTree = BUILT_PRODUCTS_DIR; };
		346694572D8F6F3800FEB754 /* FetchRecipesApp.swift */ = {isa = PBXFileReference; lastKnownFileType = sourcecode.swift; path = FetchRecipesApp.swift; sourceTree = "<group>"; };
		346694592D8F6F3800FEB754 /* RecipesView.swift */ = {isa = PBXFileReference; lastKnownFileType = sourcecode.swift; path = RecipesView.swift; sourceTree = "<group>"; };
		3466945B2D8F6F3900FEB754 /* Assets.xcassets */ = {isa = PBXFileReference; lastKnownFileType = folder.assetcatalog; path = Assets.xcassets; sourceTree = "<group>"; };
		3466945E2D8F6F3900FEB754 /* Preview Assets.xcassets */ = {isa = PBXFileReference; lastKnownFileType = folder.assetcatalog; path = "Preview Assets.xcassets"; sourceTree = "<group>"; };
		346694642D8F6F3A00FEB754 /* FetchRecipesProjectTests.xctest */ = {isa = PBXFileReference; explicitFileType = wrapper.cfbundle; includeInIndex = 0; path = FetchRecipesProjectTests.xctest; sourceTree = BUILT_PRODUCTS_DIR; };
		346694682D8F6F3A00FEB754 /* RecipesViewModelTests.swift */ = {isa = PBXFileReference; lastKnownFileType = sourcecode.swift; path = RecipesViewModelTests.swift; sourceTree = "<group>"; };
		3466946E2D8F6F3A00FEB754 /* FetchRecipesProjectUITests.xctest */ = {isa = PBXFileReference; explicitFileType = wrapper.cfbundle; includeInIndex = 0; path = FetchRecipesProjectUITests.xctest; sourceTree = BUILT_PRODUCTS_DIR; };
		346694872D8F70F500FEB754 /* NetworkManager.swift */ = {isa = PBXFileReference; lastKnownFileType = sourcecode.swift; path = NetworkManager.swift; sourceTree = "<group>"; };
		346694892D8F715600FEB754 /* Recipe.swift */ = {isa = PBXFileReference; lastKnownFileType = sourcecode.swift; path = Recipe.swift; sourceTree = "<group>"; };
		3466948C2D90EF2500FEB754 /* RecipesViewModel.swift */ = {isa = PBXFileReference; lastKnownFileType = sourcecode.swift; path = RecipesViewModel.swift; sourceTree = "<group>"; };
		346694902D90F07400FEB754 /* RecipeCell.swift */ = {isa = PBXFileReference; lastKnownFileType = sourcecode.swift; path = RecipeCell.swift; sourceTree = "<group>"; };
		346694942D92280600FEB754 /* RemoteImageView.swift */ = {isa = PBXFileReference; lastKnownFileType = sourcecode.swift; path = RemoteImageView.swift; sourceTree = "<group>"; };
		346694962D9229FF00FEB754 /* ImageLoader.swift */ = {isa = PBXFileReference; lastKnownFileType = sourcecode.swift; path = ImageLoader.swift; sourceTree = "<group>"; };
		3469EB932D93160C0080CA67 /* Color+Extensions.swift */ = {isa = PBXFileReference; lastKnownFileType = sourcecode.swift; path = "Color+Extensions.swift"; sourceTree = "<group>"; };
/* End PBXFileReference section */

/* Begin PBXFrameworksBuildPhase section */
		346694512D8F6F3800FEB754 /* Frameworks */ = {
			isa = PBXFrameworksBuildPhase;
			buildActionMask = 2147483647;
			files = (
			);
			runOnlyForDeploymentPostprocessing = 0;
		};
		346694612D8F6F3A00FEB754 /* Frameworks */ = {
			isa = PBXFrameworksBuildPhase;
			buildActionMask = 2147483647;
			files = (
			);
			runOnlyForDeploymentPostprocessing = 0;
		};
		3466946B2D8F6F3A00FEB754 /* Frameworks */ = {
			isa = PBXFrameworksBuildPhase;
			buildActionMask = 2147483647;
			files = (
			);
			runOnlyForDeploymentPostprocessing = 0;
		};
/* End PBXFrameworksBuildPhase section */

/* Begin PBXGroup section */
		3466944B2D8F6F3800FEB754 = {
			isa = PBXGroup;
			children = (
				346694562D8F6F3800FEB754 /* FetchRecipesProject */,
				346694672D8F6F3A00FEB754 /* FetchRecipesProjectTests */,
				346694552D8F6F3800FEB754 /* Products */,
			);
			sourceTree = "<group>";
		};
		346694552D8F6F3800FEB754 /* Products */ = {
			isa = PBXGroup;
			children = (
				346694542D8F6F3800FEB754 /* FetchRecipesProject.app */,
				346694642D8F6F3A00FEB754 /* FetchRecipesProjectTests.xctest */,
				3466946E2D8F6F3A00FEB754 /* FetchRecipesProjectUITests.xctest */,
			);
			name = Products;
			sourceTree = "<group>";
		};
		346694562D8F6F3800FEB754 /* FetchRecipesProject */ = {
			isa = PBXGroup;
			children = (
				346694572D8F6F3800FEB754 /* FetchRecipesApp.swift */,
				346694832D8F70AF00FEB754 /* Model */,
				346694812D8F709500FEB754 /* Screens */,
				346694932D9227C100FEB754 /* Views */,
				346694862D8F70E000FEB754 /* Network */,
				346694922D9227A800FEB754 /* Utilities */,
				3469EB922D9315F00080CA67 /* Extensions */,
				3466948B2D90E9DF00FEB754 /* Resources */,
				3466945D2D8F6F3900FEB754 /* Preview Content */,
			);
			path = FetchRecipesProject;
			sourceTree = "<group>";
		};
		3466945D2D8F6F3900FEB754 /* Preview Content */ = {
			isa = PBXGroup;
			children = (
				3466945E2D8F6F3900FEB754 /* Preview Assets.xcassets */,
			);
			path = "Preview Content";
			sourceTree = "<group>";
		};
		346694672D8F6F3A00FEB754 /* FetchRecipesProjectTests */ = {
			isa = PBXGroup;
			children = (
				341B3EF92D9392DA008944C5 /* NetworkManagerMock.swift */,
				341B3EF72D9391A4008944C5 /* NetworkManagerTests.swift */,
				346694682D8F6F3A00FEB754 /* RecipesViewModelTests.swift */,
			);
			path = FetchRecipesProjectTests;
			sourceTree = "<group>";
		};
		346694812D8F709500FEB754 /* Screens */ = {
			isa = PBXGroup;
			children = (
				346694822D8F70A000FEB754 /* Recipes */,
			);
			path = Screens;
			sourceTree = "<group>";
		};
		346694822D8F70A000FEB754 /* Recipes */ = {
			isa = PBXGroup;
			children = (
				346694852D8F70BC00FEB754 /* ViewModel */,
				346694842D8F70B600FEB754 /* View */,
			);
			path = Recipes;
			sourceTree = "<group>";
		};
		346694832D8F70AF00FEB754 /* Model */ = {
			isa = PBXGroup;
			children = (
				346694892D8F715600FEB754 /* Recipe.swift */,
			);
			path = Model;
			sourceTree = "<group>";
		};
		346694842D8F70B600FEB754 /* View */ = {
			isa = PBXGroup;
			children = (
				346694592D8F6F3800FEB754 /* RecipesView.swift */,
				346694902D90F07400FEB754 /* RecipeCell.swift */,
			);
			path = View;
			sourceTree = "<group>";
		};
		346694852D8F70BC00FEB754 /* ViewModel */ = {
			isa = PBXGroup;
			children = (
				3466948C2D90EF2500FEB754 /* RecipesViewModel.swift */,
			);
			path = ViewModel;
			sourceTree = "<group>";
		};
		346694862D8F70E000FEB754 /* Network */ = {
			isa = PBXGroup;
			children = (
				346694872D8F70F500FEB754 /* NetworkManager.swift */,
			);
			path = Network;
			sourceTree = "<group>";
		};
		3466948B2D90E9DF00FEB754 /* Resources */ = {
			isa = PBXGroup;
			children = (
				3466945B2D8F6F3900FEB754 /* Assets.xcassets */,
			);
			path = Resources;
			sourceTree = "<group>";
		};
		346694922D9227A800FEB754 /* Utilities */ = {
			isa = PBXGroup;
			children = (
				346694962D9229FF00FEB754 /* ImageLoader.swift */,
			);
			path = Utilities;
			sourceTree = "<group>";
		};
		346694932D9227C100FEB754 /* Views */ = {
			isa = PBXGroup;
			children = (
				341B3EF52D9360A3008944C5 /* LoadingView.swift */,
				346694942D92280600FEB754 /* RemoteImageView.swift */,
			);
			path = Views;
			sourceTree = "<group>";
		};
		3469EB922D9315F00080CA67 /* Extensions */ = {
			isa = PBXGroup;
			children = (
				3469EB932D93160C0080CA67 /* Color+Extensions.swift */,
			);
			path = Extensions;
			sourceTree = "<group>";
		};
/* End PBXGroup section */

/* Begin PBXNativeTarget section */
		346694532D8F6F3800FEB754 /* FetchRecipesProject */ = {
			isa = PBXNativeTarget;
			buildConfigurationList = 346694782D8F6F3A00FEB754 /* Build configuration list for PBXNativeTarget "FetchRecipesProject" */;
			buildPhases = (
				346694502D8F6F3800FEB754 /* Sources */,
				346694512D8F6F3800FEB754 /* Frameworks */,
				346694522D8F6F3800FEB754 /* Resources */,
			);
			buildRules = (
			);
			dependencies = (
			);
			name = FetchRecipesProject;
			productName = FetchRecipesProject;
			productReference = 346694542D8F6F3800FEB754 /* FetchRecipesProject.app */;
			productType = "com.apple.product-type.application";
		};
		346694632D8F6F3A00FEB754 /* FetchRecipesProjectTests */ = {
			isa = PBXNativeTarget;
			buildConfigurationList = 3466947B2D8F6F3A00FEB754 /* Build configuration list for PBXNativeTarget "FetchRecipesProjectTests" */;
			buildPhases = (
				346694602D8F6F3A00FEB754 /* Sources */,
				346694612D8F6F3A00FEB754 /* Frameworks */,
				346694622D8F6F3A00FEB754 /* Resources */,
			);
			buildRules = (
			);
			dependencies = (
				346694662D8F6F3A00FEB754 /* PBXTargetDependency */,
			);
			name = FetchRecipesProjectTests;
			productName = FetchRecipesProjectTests;
			productReference = 346694642D8F6F3A00FEB754 /* FetchRecipesProjectTests.xctest */;
			productType = "com.apple.product-type.bundle.unit-test";
		};
		3466946D2D8F6F3A00FEB754 /* FetchRecipesProjectUITests */ = {
			isa = PBXNativeTarget;
			buildConfigurationList = 3466947E2D8F6F3A00FEB754 /* Build configuration list for PBXNativeTarget "FetchRecipesProjectUITests" */;
			buildPhases = (
				3466946A2D8F6F3A00FEB754 /* Sources */,
				3466946B2D8F6F3A00FEB754 /* Frameworks */,
				3466946C2D8F6F3A00FEB754 /* Resources */,
			);
			buildRules = (
			);
			dependencies = (
				346694702D8F6F3A00FEB754 /* PBXTargetDependency */,
			);
			name = FetchRecipesProjectUITests;
			productName = FetchRecipesProjectUITests;
			productReference = 3466946E2D8F6F3A00FEB754 /* FetchRecipesProjectUITests.xctest */;
			productType = "com.apple.product-type.bundle.ui-testing";
		};
/* End PBXNativeTarget section */

/* Begin PBXProject section */
		3466944C2D8F6F3800FEB754 /* Project object */ = {
			isa = PBXProject;
			attributes = {
				BuildIndependentTargetsInParallel = 1;
				LastSwiftUpdateCheck = 1530;
				LastUpgradeCheck = 1530;
				TargetAttributes = {
					346694532D8F6F3800FEB754 = {
						CreatedOnToolsVersion = 15.3;
					};
					346694632D8F6F3A00FEB754 = {
						CreatedOnToolsVersion = 15.3;
						TestTargetID = 346694532D8F6F3800FEB754;
					};
					3466946D2D8F6F3A00FEB754 = {
						CreatedOnToolsVersion = 15.3;
						TestTargetID = 346694532D8F6F3800FEB754;
					};
				};
			};
			buildConfigurationList = 3466944F2D8F6F3800FEB754 /* Build configuration list for PBXProject "FetchRecipesProject" */;
			compatibilityVersion = "Xcode 14.0";
			developmentRegion = en;
			hasScannedForEncodings = 0;
			knownRegions = (
				en,
				Base,
			);
			mainGroup = 3466944B2D8F6F3800FEB754;
			productRefGroup = 346694552D8F6F3800FEB754 /* Products */;
			projectDirPath = "";
			projectRoot = "";
			targets = (
				346694532D8F6F3800FEB754 /* FetchRecipesProject */,
				346694632D8F6F3A00FEB754 /* FetchRecipesProjectTests */,
				3466946D2D8F6F3A00FEB754 /* FetchRecipesProjectUITests */,
			);
		};
/* End PBXProject section */

/* Begin PBXResourcesBuildPhase section */
		346694522D8F6F3800FEB754 /* Resources */ = {
			isa = PBXResourcesBuildPhase;
			buildActionMask = 2147483647;
			files = (
				3466945F2D8F6F3900FEB754 /* Preview Assets.xcassets in Resources */,
				3466945C2D8F6F3900FEB754 /* Assets.xcassets in Resources */,
			);
			runOnlyForDeploymentPostprocessing = 0;
		};
		346694622D8F6F3A00FEB754 /* Resources */ = {
			isa = PBXResourcesBuildPhase;
			buildActionMask = 2147483647;
			files = (
			);
			runOnlyForDeploymentPostprocessing = 0;
		};
		3466946C2D8F6F3A00FEB754 /* Resources */ = {
			isa = PBXResourcesBuildPhase;
			buildActionMask = 2147483647;
			files = (
			);
			runOnlyForDeploymentPostprocessing = 0;
		};
/* End PBXResourcesBuildPhase section */

/* Begin PBXSourcesBuildPhase section */
		346694502D8F6F3800FEB754 /* Sources */ = {
			isa = PBXSourcesBuildPhase;
			buildActionMask = 2147483647;
			files = (
				346694882D8F70F500FEB754 /* NetworkManager.swift in Sources */,
				3466945A2D8F6F3800FEB754 /* RecipesView.swift in Sources */,
				3466948D2D90EF2500FEB754 /* RecipesViewModel.swift in Sources */,
				341B3EF62D9360A9008944C5 /* LoadingView.swift in Sources */,
				3469EB942D9316130080CA67 /* Color+Extensions.swift in Sources */,
				346694912D90F07400FEB754 /* RecipeCell.swift in Sources */,
				346694582D8F6F3800FEB754 /* FetchRecipesApp.swift in Sources */,
				3466948A2D8F715600FEB754 /* Recipe.swift in Sources */,
				346694972D9229FF00FEB754 /* ImageLoader.swift in Sources */,
				346694952D92280700FEB754 /* RemoteImageView.swift in Sources */,
			);
			runOnlyForDeploymentPostprocessing = 0;
		};
		346694602D8F6F3A00FEB754 /* Sources */ = {
			isa = PBXSourcesBuildPhase;
			buildActionMask = 2147483647;
			files = (
				341B3EF82D9391AA008944C5 /* NetworkManagerTests.swift in Sources */,
				346694692D8F6F3A00FEB754 /* RecipesViewModelTests.swift in Sources */,
				341B3EFA2D9392E2008944C5 /* NetworkManagerMock.swift in Sources */,
			);
			runOnlyForDeploymentPostprocessing = 0;
		};
		3466946A2D8F6F3A00FEB754 /* Sources */ = {
			isa = PBXSourcesBuildPhase;
			buildActionMask = 2147483647;
			files = (
			);
			runOnlyForDeploymentPostprocessing = 0;
		};
/* End PBXSourcesBuildPhase section */

/* Begin PBXTargetDependency section */
		346694662D8F6F3A00FEB754 /* PBXTargetDependency */ = {
			isa = PBXTargetDependency;
			target = 346694532D8F6F3800FEB754 /* FetchRecipesProject */;
			targetProxy = 346694652D8F6F3A00FEB754 /* PBXContainerItemProxy */;
		};
		346694702D8F6F3A00FEB754 /* PBXTargetDependency */ = {
			isa = PBXTargetDependency;
			target = 346694532D8F6F3800FEB754 /* FetchRecipesProject */;
			targetProxy = 3466946F2D8F6F3A00FEB754 /* PBXContainerItemProxy */;
		};
/* End PBXTargetDependency section */

/* Begin XCBuildConfiguration section */
		346694762D8F6F3A00FEB754 /* Debug */ = {
			isa = XCBuildConfiguration;
			buildSettings = {
				ALWAYS_SEARCH_USER_PATHS = NO;
				ASSETCATALOG_COMPILER_GENERATE_SWIFT_ASSET_SYMBOL_EXTENSIONS = YES;
				CLANG_ANALYZER_NONNULL = YES;
				CLANG_ANALYZER_NUMBER_OBJECT_CONVERSION = YES_AGGRESSIVE;
				CLANG_CXX_LANGUAGE_STANDARD = "gnu++20";
				CLANG_ENABLE_MODULES = YES;
				CLANG_ENABLE_OBJC_ARC = YES;
				CLANG_ENABLE_OBJC_WEAK = YES;
				CLANG_WARN_BLOCK_CAPTURE_AUTORELEASING = YES;
				CLANG_WARN_BOOL_CONVERSION = YES;
				CLANG_WARN_COMMA = YES;
				CLANG_WARN_CONSTANT_CONVERSION = YES;
				CLANG_WARN_DEPRECATED_OBJC_IMPLEMENTATIONS = YES;
				CLANG_WARN_DIRECT_OBJC_ISA_USAGE = YES_ERROR;
				CLANG_WARN_DOCUMENTATION_COMMENTS = YES;
				CLANG_WARN_EMPTY_BODY = YES;
				CLANG_WARN_ENUM_CONVERSION = YES;
				CLANG_WARN_INFINITE_RECURSION = YES;
				CLANG_WARN_INT_CONVERSION = YES;
				CLANG_WARN_NON_LITERAL_NULL_CONVERSION = YES;
				CLANG_WARN_OBJC_IMPLICIT_RETAIN_SELF = YES;
				CLANG_WARN_OBJC_LITERAL_CONVERSION = YES;
				CLANG_WARN_OBJC_ROOT_CLASS = YES_ERROR;
				CLANG_WARN_QUOTED_INCLUDE_IN_FRAMEWORK_HEADER = YES;
				CLANG_WARN_RANGE_LOOP_ANALYSIS = YES;
				CLANG_WARN_STRICT_PROTOTYPES = YES;
				CLANG_WARN_SUSPICIOUS_MOVE = YES;
				CLANG_WARN_UNGUARDED_AVAILABILITY = YES_AGGRESSIVE;
				CLANG_WARN_UNREACHABLE_CODE = YES;
				CLANG_WARN__DUPLICATE_METHOD_MATCH = YES;
				COPY_PHASE_STRIP = NO;
				DEBUG_INFORMATION_FORMAT = dwarf;
				ENABLE_STRICT_OBJC_MSGSEND = YES;
				ENABLE_TESTABILITY = YES;
				ENABLE_USER_SCRIPT_SANDBOXING = YES;
				GCC_C_LANGUAGE_STANDARD = gnu17;
				GCC_DYNAMIC_NO_PIC = NO;
				GCC_NO_COMMON_BLOCKS = YES;
				GCC_OPTIMIZATION_LEVEL = 0;
				GCC_PREPROCESSOR_DEFINITIONS = (
					"DEBUG=1",
					"$(inherited)",
				);
				GCC_WARN_64_TO_32_BIT_CONVERSION = YES;
				GCC_WARN_ABOUT_RETURN_TYPE = YES_ERROR;
				GCC_WARN_UNDECLARED_SELECTOR = YES;
				GCC_WARN_UNINITIALIZED_AUTOS = YES_AGGRESSIVE;
				GCC_WARN_UNUSED_FUNCTION = YES;
				GCC_WARN_UNUSED_VARIABLE = YES;
				IPHONEOS_DEPLOYMENT_TARGET = 17.4;
				LOCALIZATION_PREFERS_STRING_CATALOGS = YES;
				MTL_ENABLE_DEBUG_INFO = INCLUDE_SOURCE;
				MTL_FAST_MATH = YES;
				ONLY_ACTIVE_ARCH = YES;
				SDKROOT = iphoneos;
				SWIFT_ACTIVE_COMPILATION_CONDITIONS = "DEBUG $(inherited)";
				SWIFT_OPTIMIZATION_LEVEL = "-Onone";
			};
			name = Debug;
		};
		346694772D8F6F3A00FEB754 /* Release */ = {
			isa = XCBuildConfiguration;
			buildSettings = {
				ALWAYS_SEARCH_USER_PATHS = NO;
				ASSETCATALOG_COMPILER_GENERATE_SWIFT_ASSET_SYMBOL_EXTENSIONS = YES;
				CLANG_ANALYZER_NONNULL = YES;
				CLANG_ANALYZER_NUMBER_OBJECT_CONVERSION = YES_AGGRESSIVE;
				CLANG_CXX_LANGUAGE_STANDARD = "gnu++20";
				CLANG_ENABLE_MODULES = YES;
				CLANG_ENABLE_OBJC_ARC = YES;
				CLANG_ENABLE_OBJC_WEAK = YES;
				CLANG_WARN_BLOCK_CAPTURE_AUTORELEASING = YES;
				CLANG_WARN_BOOL_CONVERSION = YES;
				CLANG_WARN_COMMA = YES;
				CLANG_WARN_CONSTANT_CONVERSION = YES;
				CLANG_WARN_DEPRECATED_OBJC_IMPLEMENTATIONS = YES;
				CLANG_WARN_DIRECT_OBJC_ISA_USAGE = YES_ERROR;
				CLANG_WARN_DOCUMENTATION_COMMENTS = YES;
				CLANG_WARN_EMPTY_BODY = YES;
				CLANG_WARN_ENUM_CONVERSION = YES;
				CLANG_WARN_INFINITE_RECURSION = YES;
				CLANG_WARN_INT_CONVERSION = YES;
				CLANG_WARN_NON_LITERAL_NULL_CONVERSION = YES;
				CLANG_WARN_OBJC_IMPLICIT_RETAIN_SELF = YES;
				CLANG_WARN_OBJC_LITERAL_CONVERSION = YES;
				CLANG_WARN_OBJC_ROOT_CLASS = YES_ERROR;
				CLANG_WARN_QUOTED_INCLUDE_IN_FRAMEWORK_HEADER = YES;
				CLANG_WARN_RANGE_LOOP_ANALYSIS = YES;
				CLANG_WARN_STRICT_PROTOTYPES = YES;
				CLANG_WARN_SUSPICIOUS_MOVE = YES;
				CLANG_WARN_UNGUARDED_AVAILABILITY = YES_AGGRESSIVE;
				CLANG_WARN_UNREACHABLE_CODE = YES;
				CLANG_WARN__DUPLICATE_METHOD_MATCH = YES;
				COPY_PHASE_STRIP = NO;
				DEBUG_INFORMATION_FORMAT = "dwarf-with-dsym";
				ENABLE_NS_ASSERTIONS = NO;
				ENABLE_STRICT_OBJC_MSGSEND = YES;
				ENABLE_USER_SCRIPT_SANDBOXING = YES;
				GCC_C_LANGUAGE_STANDARD = gnu17;
				GCC_NO_COMMON_BLOCKS = YES;
				GCC_WARN_64_TO_32_BIT_CONVERSION = YES;
				GCC_WARN_ABOUT_RETURN_TYPE = YES_ERROR;
				GCC_WARN_UNDECLARED_SELECTOR = YES;
				GCC_WARN_UNINITIALIZED_AUTOS = YES_AGGRESSIVE;
				GCC_WARN_UNUSED_FUNCTION = YES;
				GCC_WARN_UNUSED_VARIABLE = YES;
				IPHONEOS_DEPLOYMENT_TARGET = 17.4;
				LOCALIZATION_PREFERS_STRING_CATALOGS = YES;
				MTL_ENABLE_DEBUG_INFO = NO;
				MTL_FAST_MATH = YES;
				SDKROOT = iphoneos;
				SWIFT_COMPILATION_MODE = wholemodule;
				VALIDATE_PRODUCT = YES;
			};
			name = Release;
		};
		346694792D8F6F3A00FEB754 /* Debug */ = {
			isa = XCBuildConfiguration;
			buildSettings = {
				ASSETCATALOG_COMPILER_APPICON_NAME = AppIcon;
				ASSETCATALOG_COMPILER_GLOBAL_ACCENT_COLOR_NAME = AccentColor;
				CODE_SIGN_STYLE = Automatic;
				CURRENT_PROJECT_VERSION = 1;
				DEVELOPMENT_ASSET_PATHS = "\"FetchRecipesProject/Preview Content\"";
				DEVELOPMENT_TEAM = WJPXYZ733P;
				ENABLE_PREVIEWS = YES;
				GENERATE_INFOPLIST_FILE = YES;
				INFOPLIST_KEY_UIApplicationSceneManifest_Generation = YES;
				INFOPLIST_KEY_UIApplicationSupportsIndirectInputEvents = YES;
				INFOPLIST_KEY_UILaunchScreen_Generation = YES;
				INFOPLIST_KEY_UISupportedInterfaceOrientations_iPad = "UIInterfaceOrientationPortrait UIInterfaceOrientationPortraitUpsideDown UIInterfaceOrientationLandscapeLeft UIInterfaceOrientationLandscapeRight";
				INFOPLIST_KEY_UISupportedInterfaceOrientations_iPhone = "UIInterfaceOrientationPortrait UIInterfaceOrientationLandscapeLeft UIInterfaceOrientationLandscapeRight";
				LD_RUNPATH_SEARCH_PATHS = (
					"$(inherited)",
					"@executable_path/Frameworks",
				);
				MARKETING_VERSION = 1.0;
				PRODUCT_BUNDLE_IDENTIFIER = CeliaMarquez.FetchRecipesProject;
				PRODUCT_NAME = "$(TARGET_NAME)";
				SWIFT_EMIT_LOC_STRINGS = YES;
				SWIFT_VERSION = 5.0;
				TARGETED_DEVICE_FAMILY = "1,2";
			};
			name = Debug;
		};
		3466947A2D8F6F3A00FEB754 /* Release */ = {
			isa = XCBuildConfiguration;
			buildSettings = {
				ASSETCATALOG_COMPILER_APPICON_NAME = AppIcon;
				ASSETCATALOG_COMPILER_GLOBAL_ACCENT_COLOR_NAME = AccentColor;
				CODE_SIGN_STYLE = Automatic;
				CURRENT_PROJECT_VERSION = 1;
				DEVELOPMENT_ASSET_PATHS = "\"FetchRecipesProject/Preview Content\"";
				DEVELOPMENT_TEAM = WJPXYZ733P;
				ENABLE_PREVIEWS = YES;
				GENERATE_INFOPLIST_FILE = YES;
				INFOPLIST_KEY_UIApplicationSceneManifest_Generation = YES;
				INFOPLIST_KEY_UIApplicationSupportsIndirectInputEvents = YES;
				INFOPLIST_KEY_UILaunchScreen_Generation = YES;
				INFOPLIST_KEY_UISupportedInterfaceOrientations_iPad = "UIInterfaceOrientationPortrait UIInterfaceOrientationPortraitUpsideDown UIInterfaceOrientationLandscapeLeft UIInterfaceOrientationLandscapeRight";
				INFOPLIST_KEY_UISupportedInterfaceOrientations_iPhone = "UIInterfaceOrientationPortrait UIInterfaceOrientationLandscapeLeft UIInterfaceOrientationLandscapeRight";
				LD_RUNPATH_SEARCH_PATHS = (
					"$(inherited)",
					"@executable_path/Frameworks",
				);
				MARKETING_VERSION = 1.0;
				PRODUCT_BUNDLE_IDENTIFIER = CeliaMarquez.FetchRecipesProject;
				PRODUCT_NAME = "$(TARGET_NAME)";
				SWIFT_EMIT_LOC_STRINGS = YES;
				SWIFT_VERSION = 5.0;
				TARGETED_DEVICE_FAMILY = "1,2";
			};
			name = Release;
		};
		3466947C2D8F6F3A00FEB754 /* Debug */ = {
			isa = XCBuildConfiguration;
			buildSettings = {
				BUNDLE_LOADER = "$(TEST_HOST)";
				CODE_SIGN_STYLE = Automatic;
				CURRENT_PROJECT_VERSION = 1;
				DEVELOPMENT_TEAM = WJPXYZ733P;
				GENERATE_INFOPLIST_FILE = YES;
				IPHONEOS_DEPLOYMENT_TARGET = 17.4;
				MARKETING_VERSION = 1.0;
				PRODUCT_BUNDLE_IDENTIFIER = CeliaMarquez.FetchRecipesProjectTests;
				PRODUCT_NAME = "$(TARGET_NAME)";
				SWIFT_EMIT_LOC_STRINGS = NO;
				SWIFT_VERSION = 5.0;
				TARGETED_DEVICE_FAMILY = "1,2";
				TEST_HOST = "$(BUILT_PRODUCTS_DIR)/FetchRecipesProject.app/$(BUNDLE_EXECUTABLE_FOLDER_PATH)/FetchRecipesProject";
			};
			name = Debug;
		};
		3466947D2D8F6F3A00FEB754 /* Release */ = {
			isa = XCBuildConfiguration;
			buildSettings = {
				BUNDLE_LOADER = "$(TEST_HOST)";
				CODE_SIGN_STYLE = Automatic;
				CURRENT_PROJECT_VERSION = 1;
				DEVELOPMENT_TEAM = WJPXYZ733P;
				GENERATE_INFOPLIST_FILE = YES;
				IPHONEOS_DEPLOYMENT_TARGET = 17.4;
				MARKETING_VERSION = 1.0;
				PRODUCT_BUNDLE_IDENTIFIER = CeliaMarquez.FetchRecipesProjectTests;
				PRODUCT_NAME = "$(TARGET_NAME)";
				SWIFT_EMIT_LOC_STRINGS = NO;
				SWIFT_VERSION = 5.0;
				TARGETED_DEVICE_FAMILY = "1,2";
				TEST_HOST = "$(BUILT_PRODUCTS_DIR)/FetchRecipesProject.app/$(BUNDLE_EXECUTABLE_FOLDER_PATH)/FetchRecipesProject";
			};
			name = Release;
		};
		3466947F2D8F6F3A00FEB754 /* Debug */ = {
			isa = XCBuildConfiguration;
			buildSettings = {
				CODE_SIGN_STYLE = Automatic;
				CURRENT_PROJECT_VERSION = 1;
				DEVELOPMENT_TEAM = WJPXYZ733P;
				GENERATE_INFOPLIST_FILE = YES;
				MARKETING_VERSION = 1.0;
				PRODUCT_BUNDLE_IDENTIFIER = CeliaMarquez.FetchRecipesProjectUITests;
				PRODUCT_NAME = "$(TARGET_NAME)";
				SWIFT_EMIT_LOC_STRINGS = NO;
				SWIFT_VERSION = 5.0;
				TARGETED_DEVICE_FAMILY = "1,2";
				TEST_TARGET_NAME = FetchRecipesProject;
			};
			name = Debug;
		};
		346694802D8F6F3A00FEB754 /* Release */ = {
			isa = XCBuildConfiguration;
			buildSettings = {
				CODE_SIGN_STYLE = Automatic;
				CURRENT_PROJECT_VERSION = 1;
				DEVELOPMENT_TEAM = WJPXYZ733P;
				GENERATE_INFOPLIST_FILE = YES;
				MARKETING_VERSION = 1.0;
				PRODUCT_BUNDLE_IDENTIFIER = CeliaMarquez.FetchRecipesProjectUITests;
				PRODUCT_NAME = "$(TARGET_NAME)";
				SWIFT_EMIT_LOC_STRINGS = NO;
				SWIFT_VERSION = 5.0;
				TARGETED_DEVICE_FAMILY = "1,2";
				TEST_TARGET_NAME = FetchRecipesProject;
			};
			name = Release;
		};
/* End XCBuildConfiguration section */

/* Begin XCConfigurationList section */
		3466944F2D8F6F3800FEB754 /* Build configuration list for PBXProject "FetchRecipesProject" */ = {
			isa = XCConfigurationList;
			buildConfigurations = (
				346694762D8F6F3A00FEB754 /* Debug */,
				346694772D8F6F3A00FEB754 /* Release */,
			);
			defaultConfigurationIsVisible = 0;
			defaultConfigurationName = Release;
		};
		346694782D8F6F3A00FEB754 /* Build configuration list for PBXNativeTarget "FetchRecipesProject" */ = {
			isa = XCConfigurationList;
			buildConfigurations = (
				346694792D8F6F3A00FEB754 /* Debug */,
				3466947A2D8F6F3A00FEB754 /* Release */,
			);
			defaultConfigurationIsVisible = 0;
			defaultConfigurationName = Release;
		};
		3466947B2D8F6F3A00FEB754 /* Build configuration list for PBXNativeTarget "FetchRecipesProjectTests" */ = {
			isa = XCConfigurationList;
			buildConfigurations = (
				3466947C2D8F6F3A00FEB754 /* Debug */,
				3466947D2D8F6F3A00FEB754 /* Release */,
			);
			defaultConfigurationIsVisible = 0;
			defaultConfigurationName = Release;
		};
		3466947E2D8F6F3A00FEB754 /* Build configuration list for PBXNativeTarget "FetchRecipesProjectUITests" */ = {
			isa = XCConfigurationList;
			buildConfigurations = (
				3466947F2D8F6F3A00FEB754 /* Debug */,
				346694802D8F6F3A00FEB754 /* Release */,
			);
			defaultConfigurationIsVisible = 0;
			defaultConfigurationName = Release;
		};
/* End XCConfigurationList section */
	};
	rootObject = 3466944C2D8F6F3800FEB754 /* Project object */;
}
